lockfileVersion: '9.0'

settings:
  autoInstallPeers: true
  excludeLinksFromLockfile: false

importers:

  .:
    dependencies:
      chalk:
        specifier: ^5.3.0
        version: 5.6.2
      commander:
        specifier: ^12.0.0
        version: 12.1.0
      play-sound:
        specifier: ^1.1.6
        version: 1.1.6

packages:

  chalk@5.6.2:
    resolution: {integrity: sha512-7NzBL0rN6fMUW+f7A6Io4h40qQlG+xGmtMxfbnH/K7TAtt8JQWVQK+6g0UXKMeVJoyV5EkkNsErQ8pVD3bLHbA==}
    engines: {node: ^12.17.0 || ^14.13 || >=16.0.0}

  commander@12.1.0:
    resolution: {integrity: sha512-Vw8qHK3bZM9y/P10u3Vib8o/DdkvA2OtPtZvD871QKjy74Wj1WSKFILMPRPSdUSx5RFK1arlJzEtA4PkFgnbuA==}
    engines: {node: '>=18'}

  find-exec@1.0.3:
    resolution: {integrity: sha512-gnG38zW90mS8hm5smNcrBnakPEt+cGJoiMkJwCU0IYnEb0H2NQk0NIljhNW+48oniCriFek/PH6QXbwsJo/qug==}

  play-sound@1.1.6:
    resolution: {integrity: sha512-09eO4QiXNFXJffJaOW5P6x6F5RLihpLUkXttvUZeWml0fU6x6Zp7AjG9zaeMpgH2ZNvq4GR1ytB22ddYcqJIZA==}

  shell-quote@1.8.3:
    resolution: {integrity: sha512-ObmnIF4hXNg1BqhnHmgbDETF8dLPCggZWBjkQfhZpbszZnYur5DUljTcCHii5LC3J5E0yeO/1LIMyH+UvHQgyw==}
    engines: {node: '>= 0.4'}

snapshots:

  chalk@5.6.2: {}

  commander@12.1.0: {}

  find-exec@1.0.3:
    dependencies:
      shell-quote: 1.8.3

  play-sound@1.1.6:
    dependencies:
      find-exec: 1.0.3

  shell-quote@1.8.3: {}
